// !$*UTF8*$!
{
	archiveVersion = 1;
	classes = {
	};
	objectVersion = 46;
	objects = {

/* Begin PBXBuildFile section */
		96A5BDF91992699B00D40EE9 /* Foundation.framework in Frameworks */ = {isa = PBXBuildFile; fileRef = 96A5BDF81992699B00D40EE9 /* Foundation.framework */; };
		96A5BDFB1992699B00D40EE9 /* CoreGraphics.framework in Frameworks */ = {isa = PBXBuildFile; fileRef = 96A5BDFA1992699B00D40EE9 /* CoreGraphics.framework */; };
		96A5BDFD1992699B00D40EE9 /* UIKit.framework in Frameworks */ = {isa = PBXBuildFile; fileRef = 96A5BDFC1992699B00D40EE9 /* UIKit.framework */; };
		96A5BE031992699B00D40EE9 /* InfoPlist.strings in Resources */ = {isa = PBXBuildFile; fileRef = 96A5BE011992699B00D40EE9 /* InfoPlist.strings */; };
		96A5BE051992699B00D40EE9 /* main.m in Sources */ = {isa = PBXBuildFile; fileRef = 96A5BE041992699B00D40EE9 /* main.m */; };
		96A5BE091992699B00D40EE9 /* VCWAppDelegate.m in Sources */ = {isa = PBXBuildFile; fileRef = 96A5BE081992699B00D40EE9 /* VCWAppDelegate.m */; };
		96A5BE0C1992699B00D40EE9 /* Main.storyboard in Resources */ = {isa = PBXBuildFile; fileRef = 96A5BE0A1992699B00D40EE9 /* Main.storyboard */; };
		96A5BE0F1992699B00D40EE9 /* VCWViewController.m in Sources */ = {isa = PBXBuildFile; fileRef = 96A5BE0E1992699B00D40EE9 /* VCWViewController.m */; };
		96A5BE111992699B00D40EE9 /* Images.xcassets in Resources */ = {isa = PBXBuildFile; fileRef = 96A5BE101992699B00D40EE9 /* Images.xcassets */; };
		96A5BE181992699B00D40EE9 /* XCTest.framework in Frameworks */ = {isa = PBXBuildFile; fileRef = 96A5BE171992699B00D40EE9 /* XCTest.framework */; };
		96A5BE191992699B00D40EE9 /* Foundation.framework in Frameworks */ = {isa = PBXBuildFile; fileRef = 96A5BDF81992699B00D40EE9 /* Foundation.framework */; };
		96A5BE1A1992699B00D40EE9 /* UIKit.framework in Frameworks */ = {isa = PBXBuildFile; fileRef = 96A5BDFC1992699B00D40EE9 /* UIKit.framework */; };
		96A5BE221992699B00D40EE9 /* InfoPlist.strings in Resources */ = {isa = PBXBuildFile; fileRef = 96A5BE201992699B00D40EE9 /* InfoPlist.strings */; };
		96A5BE241992699B00D40EE9 /* VCWProjectTests.m in Sources */ = {isa = PBXBuildFile; fileRef = 96A5BE231992699B00D40EE9 /* VCWProjectTests.m */; };
		96A5BE3119926AC300D40EE9 /* Utils.m in Sources */ = {isa = PBXBuildFile; fileRef = 96A5BE3019926AC300D40EE9 /* Utils.m */; };
		96A5BE3A19926C4D00D40EE9 /* VCWTranslationViewController.m in Sources */ = {isa = PBXBuildFile; fileRef = 96A5BE3919926C4D00D40EE9 /* VCWTranslationViewController.m */; };
		96A5BE3D19926FAE00D40EE9 /* VCWTranslateSuperViewController.m in Sources */ = {isa = PBXBuildFile; fileRef = 96A5BE3C19926FAE00D40EE9 /* VCWTranslateSuperViewController.m */; };
		96A5BE481992751900D40EE9 /* VCWRefreshBaseView.m in Sources */ = {isa = PBXBuildFile; fileRef = 96A5BE431992751900D40EE9 /* VCWRefreshBaseView.m */; };
		96A5BE491992751900D40EE9 /* VCWRefreshFooterView.m in Sources */ = {isa = PBXBuildFile; fileRef = 96A5BE451992751900D40EE9 /* VCWRefreshFooterView.m */; };
		96A5BE4A1992751900D40EE9 /* VCWRefreshHeadView.m in Sources */ = {isa = PBXBuildFile; fileRef = 96A5BE471992751900D40EE9 /* VCWRefreshHeadView.m */; };
		96A5BE4E1992756C00D40EE9 /* VCWRefreshViewController.m in Sources */ = {isa = PBXBuildFile; fileRef = 96A5BE4D1992756C00D40EE9 /* VCWRefreshViewController.m */; };
		96A5BE511992786D00D40EE9 /* arrow@2x.png in Resources */ = {isa = PBXBuildFile; fileRef = 96A5BE501992786D00D40EE9 /* arrow@2x.png */; };
		96B064DE19A18F970001D144 /* VCWHitEventTransferViewController.m in Sources */ = {isa = PBXBuildFile; fileRef = 96B064DD19A18F970001D144 /* VCWHitEventTransferViewController.m */; };
/* End PBXBuildFile section */

/* Begin PBXContainerItemProxy section */
		96A5BE1B1992699B00D40EE9 /* PBXContainerItemProxy */ = {
			isa = PBXContainerItemProxy;
			containerPortal = 96A5BDED1992699B00D40EE9 /* Project object */;
			proxyType = 1;
			remoteGlobalIDString = 96A5BDF41992699B00D40EE9;
			remoteInfo = VCWProject;
		};
/* End PBXContainerItemProxy section */

/* Begin PBXFileReference section */
		96A5BDF51992699B00D40EE9 /* VCWProject.app */ = {isa = PBXFileReference; explicitFileType = wrapper.application; includeInIndex = 0; path = VCWProject.app; sourceTree = BUILT_PRODUCTS_DIR; };
		96A5BDF81992699B00D40EE9 /* Foundation.framework */ = {isa = PBXFileReference; lastKnownFileType = wrapper.framework; name = Foundation.framework; path = System/Library/Frameworks/Foundation.framework; sourceTree = SDKROOT; };
		96A5BDFA1992699B00D40EE9 /* CoreGraphics.framework */ = {isa = PBXFileReference; lastKnownFileType = wrapper.framework; name = CoreGraphics.framework; path = System/Library/Frameworks/CoreGraphics.framework; sourceTree = SDKROOT; };
		96A5BDFC1992699B00D40EE9 /* UIKit.framework */ = {isa = PBXFileReference; lastKnownFileType = wrapper.framework; name = UIKit.framework; path = System/Library/Frameworks/UIKit.framework; sourceTree = SDKROOT; };
		96A5BE001992699B00D40EE9 /* VCWProject-Info.plist */ = {isa = PBXFileReference; lastKnownFileType = text.plist.xml; path = "VCWProject-Info.plist"; sourceTree = "<group>"; };
		96A5BE021992699B00D40EE9 /* en */ = {isa = PBXFileReference; lastKnownFileType = text.plist.strings; name = en; path = en.lproj/InfoPlist.strings; sourceTree = "<group>"; };
		96A5BE041992699B00D40EE9 /* main.m */ = {isa = PBXFileReference; lastKnownFileType = sourcecode.c.objc; path = main.m; sourceTree = "<group>"; };
		96A5BE061992699B00D40EE9 /* VCWProject-Prefix.pch */ = {isa = PBXFileReference; lastKnownFileType = sourcecode.c.h; path = "VCWProject-Prefix.pch"; sourceTree = "<group>"; };
		96A5BE071992699B00D40EE9 /* VCWAppDelegate.h */ = {isa = PBXFileReference; lastKnownFileType = sourcecode.c.h; path = VCWAppDelegate.h; sourceTree = "<group>"; };
		96A5BE081992699B00D40EE9 /* VCWAppDelegate.m */ = {isa = PBXFileReference; lastKnownFileType = sourcecode.c.objc; path = VCWAppDelegate.m; sourceTree = "<group>"; };
		96A5BE0B1992699B00D40EE9 /* Base */ = {isa = PBXFileReference; lastKnownFileType = file.storyboard; name = Base; path = Base.lproj/Main.storyboard; sourceTree = "<group>"; };
		96A5BE0D1992699B00D40EE9 /* VCWViewController.h */ = {isa = PBXFileReference; lastKnownFileType = sourcecode.c.h; path = VCWViewController.h; sourceTree = "<group>"; };
		96A5BE0E1992699B00D40EE9 /* VCWViewController.m */ = {isa = PBXFileReference; lastKnownFileType = sourcecode.c.objc; path = VCWViewController.m; sourceTree = "<group>"; };
		96A5BE101992699B00D40EE9 /* Images.xcassets */ = {isa = PBXFileReference; lastKnownFileType = folder.assetcatalog; path = Images.xcassets; sourceTree = "<group>"; };
		96A5BE161992699B00D40EE9 /* VCWProjectTests.xctest */ = {isa = PBXFileReference; explicitFileType = wrapper.cfbundle; includeInIndex = 0; path = VCWProjectTests.xctest; sourceTree = BUILT_PRODUCTS_DIR; };
		96A5BE171992699B00D40EE9 /* XCTest.framework */ = {isa = PBXFileReference; lastKnownFileType = wrapper.framework; name = XCTest.framework; path = Library/Frameworks/XCTest.framework; sourceTree = DEVELOPER_DIR; };
		96A5BE1F1992699B00D40EE9 /* VCWProjectTests-Info.plist */ = {isa = PBXFileReference; lastKnownFileType = text.plist.xml; path = "VCWProjectTests-Info.plist"; sourceTree = "<group>"; };
		96A5BE211992699B00D40EE9 /* en */ = {isa = PBXFileReference; lastKnownFileType = text.plist.strings; name = en; path = en.lproj/InfoPlist.strings; sourceTree = "<group>"; };
		96A5BE231992699B00D40EE9 /* VCWProjectTests.m */ = {isa = PBXFileReference; lastKnownFileType = sourcecode.c.objc; path = VCWProjectTests.m; sourceTree = "<group>"; };
		96A5BE2F19926AC300D40EE9 /* Utils.h */ = {isa = PBXFileReference; fileEncoding = 4; lastKnownFileType = sourcecode.c.h; path = Utils.h; sourceTree = "<group>"; };
		96A5BE3019926AC300D40EE9 /* Utils.m */ = {isa = PBXFileReference; fileEncoding = 4; lastKnownFileType = sourcecode.c.objc; path = Utils.m; sourceTree = "<group>"; };
		96A5BE3819926C4D00D40EE9 /* VCWTranslationViewController.h */ = {isa = PBXFileReference; fileEncoding = 4; lastKnownFileType = sourcecode.c.h; path = VCWTranslationViewController.h; sourceTree = "<group>"; };
		96A5BE3919926C4D00D40EE9 /* VCWTranslationViewController.m */ = {isa = PBXFileReference; fileEncoding = 4; lastKnownFileType = sourcecode.c.objc; path = VCWTranslationViewController.m; sourceTree = "<group>"; };
		96A5BE3B19926FAE00D40EE9 /* VCWTranslateSuperViewController.h */ = {isa = PBXFileReference; fileEncoding = 4; lastKnownFileType = sourcecode.c.h; path = VCWTranslateSuperViewController.h; sourceTree = "<group>"; };
		96A5BE3C19926FAE00D40EE9 /* VCWTranslateSuperViewController.m */ = {isa = PBXFileReference; fileEncoding = 4; lastKnownFileType = sourcecode.c.objc; path = VCWTranslateSuperViewController.m; sourceTree = "<group>"; };
		96A5BE3F1992750D00D40EE9 /* CommonDefine.h */ = {isa = PBXFileReference; fileEncoding = 4; lastKnownFileType = sourcecode.c.h; path = CommonDefine.h; sourceTree = "<group>"; };
		96A5BE421992751900D40EE9 /* VCWRefreshBaseView.h */ = {isa = PBXFileReference; fileEncoding = 4; lastKnownFileType = sourcecode.c.h; path = VCWRefreshBaseView.h; sourceTree = "<group>"; };
		96A5BE431992751900D40EE9 /* VCWRefreshBaseView.m */ = {isa = PBXFileReference; fileEncoding = 4; lastKnownFileType = sourcecode.c.objc; path = VCWRefreshBaseView.m; sourceTree = "<group>"; };
		96A5BE441992751900D40EE9 /* VCWRefreshFooterView.h */ = {isa = PBXFileReference; fileEncoding = 4; lastKnownFileType = sourcecode.c.h; path = VCWRefreshFooterView.h; sourceTree = "<group>"; };
		96A5BE451992751900D40EE9 /* VCWRefreshFooterView.m */ = {isa = PBXFileReference; fileEncoding = 4; lastKnownFileType = sourcecode.c.objc; path = VCWRefreshFooterView.m; sourceTree = "<group>"; };
		96A5BE461992751900D40EE9 /* VCWRefreshHeadView.h */ = {isa = PBXFileReference; fileEncoding = 4; lastKnownFileType = sourcecode.c.h; path = VCWRefreshHeadView.h; sourceTree = "<group>"; };
		96A5BE471992751900D40EE9 /* VCWRefreshHeadView.m */ = {isa = PBXFileReference; fileEncoding = 4; lastKnownFileType = sourcecode.c.objc; path = VCWRefreshHeadView.m; sourceTree = "<group>"; };
		96A5BE4C1992756C00D40EE9 /* VCWRefreshViewController.h */ = {isa = PBXFileReference; fileEncoding = 4; lastKnownFileType = sourcecode.c.h; path = VCWRefreshViewController.h; sourceTree = "<group>"; };
		96A5BE4D1992756C00D40EE9 /* VCWRefreshViewController.m */ = {isa = PBXFileReference; fileEncoding = 4; lastKnownFileType = sourcecode.c.objc; path = VCWRefreshViewController.m; sourceTree = "<group>"; };
		96A5BE501992786D00D40EE9 /* arrow@2x.png */ = {isa = PBXFileReference; lastKnownFileType = image.png; path = "arrow@2x.png"; sourceTree = "<group>"; };
		96B064DC19A18F970001D144 /* VCWHitEventTransferViewController.h */ = {isa = PBXFileReference; fileEncoding = 4; lastKnownFileType = sourcecode.c.h; name = VCWHitEventTransferViewController.h; path = VCWHitTestTransferViewController/VCWHitEventTransferViewController.h; sourceTree = "<group>"; };
		96B064DD19A18F970001D144 /* VCWHitEventTransferViewController.m */ = {isa = PBXFileReference; fileEncoding = 4; lastKnownFileType = sourcecode.c.objc; name = VCWHitEventTransferViewController.m; path = VCWHitTestTransferViewController/VCWHitEventTransferViewController.m; sourceTree = "<group>"; };
/* End PBXFileReference section */

/* Begin PBXFrameworksBuildPhase section */
		96A5BDF21992699B00D40EE9 /* Frameworks */ = {
			isa = PBXFrameworksBuildPhase;
			buildActionMask = 2147483647;
			files = (
				96A5BDFB1992699B00D40EE9 /* CoreGraphics.framework in Frameworks */,
				96A5BDFD1992699B00D40EE9 /* UIKit.framework in Frameworks */,
				96A5BDF91992699B00D40EE9 /* Foundation.framework in Frameworks */,
			);
			runOnlyForDeploymentPostprocessing = 0;
		};
		96A5BE131992699B00D40EE9 /* Frameworks */ = {
			isa = PBXFrameworksBuildPhase;
			buildActionMask = 2147483647;
			files = (
				96A5BE181992699B00D40EE9 /* XCTest.framework in Frameworks */,
				96A5BE1A1992699B00D40EE9 /* UIKit.framework in Frameworks */,
				96A5BE191992699B00D40EE9 /* Foundation.framework in Frameworks */,
			);
			runOnlyForDeploymentPostprocessing = 0;
		};
/* End PBXFrameworksBuildPhase section */

/* Begin PBXGroup section */
		96A5BDEC1992699B00D40EE9 = {
			isa = PBXGroup;
			children = (
				96A5BDFE1992699B00D40EE9 /* VCWProject */,
				96A5BE1D1992699B00D40EE9 /* VCWProjectTests */,
				96A5BDF71992699B00D40EE9 /* Frameworks */,
				96A5BDF61992699B00D40EE9 /* Products */,
			);
			sourceTree = "<group>";
		};
		96A5BDF61992699B00D40EE9 /* Products */ = {
			isa = PBXGroup;
			children = (
				96A5BDF51992699B00D40EE9 /* VCWProject.app */,
				96A5BE161992699B00D40EE9 /* VCWProjectTests.xctest */,
			);
			name = Products;
			sourceTree = "<group>";
		};
		96A5BDF71992699B00D40EE9 /* Frameworks */ = {
			isa = PBXGroup;
			children = (
				96A5BDF81992699B00D40EE9 /* Foundation.framework */,
				96A5BDFA1992699B00D40EE9 /* CoreGraphics.framework */,
				96A5BDFC1992699B00D40EE9 /* UIKit.framework */,
				96A5BE171992699B00D40EE9 /* XCTest.framework */,
			);
			name = Frameworks;
			sourceTree = "<group>";
		};
		96A5BDFE1992699B00D40EE9 /* VCWProject */ = {
			isa = PBXGroup;
			children = (
				96A5BE4F1992786D00D40EE9 /* VCWResource */,
				96A5BE2D19926AC300D40EE9 /* VCWSource */,
				96A5BE071992699B00D40EE9 /* VCWAppDelegate.h */,
				96A5BE081992699B00D40EE9 /* VCWAppDelegate.m */,
				96A5BE0A1992699B00D40EE9 /* Main.storyboard */,
				96A5BE0D1992699B00D40EE9 /* VCWViewController.h */,
				96A5BE0E1992699B00D40EE9 /* VCWViewController.m */,
				96A5BE101992699B00D40EE9 /* Images.xcassets */,
				96A5BDFF1992699B00D40EE9 /* Supporting Files */,
			);
			path = VCWProject;
			sourceTree = "<group>";
		};
		96A5BDFF1992699B00D40EE9 /* Supporting Files */ = {
			isa = PBXGroup;
			children = (
				96A5BE001992699B00D40EE9 /* VCWProject-Info.plist */,
				96A5BE011992699B00D40EE9 /* InfoPlist.strings */,
				96A5BE041992699B00D40EE9 /* main.m */,
				96A5BE061992699B00D40EE9 /* VCWProject-Prefix.pch */,
			);
			name = "Supporting Files";
			sourceTree = "<group>";
		};
		96A5BE1D1992699B00D40EE9 /* VCWProjectTests */ = {
			isa = PBXGroup;
			children = (
				96A5BE231992699B00D40EE9 /* VCWProjectTests.m */,
				96A5BE1E1992699B00D40EE9 /* Supporting Files */,
			);
			path = VCWProjectTests;
			sourceTree = "<group>";
		};
		96A5BE1E1992699B00D40EE9 /* Supporting Files */ = {
			isa = PBXGroup;
			children = (
				96A5BE1F1992699B00D40EE9 /* VCWProjectTests-Info.plist */,
				96A5BE201992699B00D40EE9 /* InfoPlist.strings */,
			);
			name = "Supporting Files";
			sourceTree = "<group>";
		};
		96A5BE2D19926AC300D40EE9 /* VCWSource */ = {
			isa = PBXGroup;
			children = (
				96A5BE401992751900D40EE9 /* VCWCustomView */,
				96A5BE3E1992750D00D40EE9 /* Include */,
				96A5BE3619926C4D00D40EE9 /* VCWViewController */,
				96A5BE2E19926AC300D40EE9 /* Util */,
			);
			path = VCWSource;
			sourceTree = "<group>";
		};
		96A5BE2E19926AC300D40EE9 /* Util */ = {
			isa = PBXGroup;
			children = (
				96A5BE2F19926AC300D40EE9 /* Utils.h */,
				96A5BE3019926AC300D40EE9 /* Utils.m */,
			);
			path = Util;
			sourceTree = "<group>";
		};
		96A5BE3619926C4D00D40EE9 /* VCWViewController */ = {
			isa = PBXGroup;
			children = (
				96B064DB19A18F230001D144 /* VCWHitEventTransferViewController */,
				96A5BE4B1992755700D40EE9 /* VCWRefreshViewController */,
				96A5BE3719926C4D00D40EE9 /* VCWTranslationViewController */,
			);
			path = VCWViewController;
			sourceTree = "<group>";
		};
		96A5BE3719926C4D00D40EE9 /* VCWTranslationViewController */ = {
			isa = PBXGroup;
			children = (
				96A5BE3819926C4D00D40EE9 /* VCWTranslationViewController.h */,
				96A5BE3919926C4D00D40EE9 /* VCWTranslationViewController.m */,
				96A5BE3B19926FAE00D40EE9 /* VCWTranslateSuperViewController.h */,
				96A5BE3C19926FAE00D40EE9 /* VCWTranslateSuperViewController.m */,
			);
			path = VCWTranslationViewController;
			sourceTree = "<group>";
		};
		96A5BE3E1992750D00D40EE9 /* Include */ = {
			isa = PBXGroup;
			children = (
				96A5BE3F1992750D00D40EE9 /* CommonDefine.h */,
			);
			path = Include;
			sourceTree = "<group>";
		};
		96A5BE401992751900D40EE9 /* VCWCustomView */ = {
			isa = PBXGroup;
			children = (
				96A5BE411992751900D40EE9 /* VCWRefreshView */,
			);
			path = VCWCustomView;
			sourceTree = "<group>";
		};
		96A5BE411992751900D40EE9 /* VCWRefreshView */ = {
			isa = PBXGroup;
			children = (
				96A5BE421992751900D40EE9 /* VCWRefreshBaseView.h */,
				96A5BE431992751900D40EE9 /* VCWRefreshBaseView.m */,
				96A5BE441992751900D40EE9 /* VCWRefreshFooterView.h */,
				96A5BE451992751900D40EE9 /* VCWRefreshFooterView.m */,
				96A5BE461992751900D40EE9 /* VCWRefreshHeadView.h */,
				96A5BE471992751900D40EE9 /* VCWRefreshHeadView.m */,
			);
			path = VCWRefreshView;
			sourceTree = "<group>";
		};
		96A5BE4B1992755700D40EE9 /* VCWRefreshViewController */ = {
			isa = PBXGroup;
			children = (
				96A5BE4C1992756C00D40EE9 /* VCWRefreshViewController.h */,
				96A5BE4D1992756C00D40EE9 /* VCWRefreshViewController.m */,
			);
			path = VCWRefreshViewController;
			sourceTree = "<group>";
		};
		96A5BE4F1992786D00D40EE9 /* VCWResource */ = {
			isa = PBXGroup;
			children = (
				96A5BE501992786D00D40EE9 /* arrow@2x.png */,
			);
			path = VCWResource;
			sourceTree = "<group>";
		};
		96B064DB19A18F230001D144 /* VCWHitEventTransferViewController */ = {
			isa = PBXGroup;
			children = (
				96B064DC19A18F970001D144 /* VCWHitEventTransferViewController.h */,
				96B064DD19A18F970001D144 /* VCWHitEventTransferViewController.m */,
			);
			name = VCWHitEventTransferViewController;
			sourceTree = "<group>";
		};
/* End PBXGroup section */

/* Begin PBXNativeTarget section */
		96A5BDF41992699B00D40EE9 /* VCWProject */ = {
			isa = PBXNativeTarget;
			buildConfigurationList = 96A5BE271992699B00D40EE9 /* Build configuration list for PBXNativeTarget "VCWProject" */;
			buildPhases = (
				96A5BDF11992699B00D40EE9 /* Sources */,
				96A5BDF21992699B00D40EE9 /* Frameworks */,
				96A5BDF31992699B00D40EE9 /* Resources */,
			);
			buildRules = (
			);
			dependencies = (
			);
			name = VCWProject;
			productName = VCWProject;
			productReference = 96A5BDF51992699B00D40EE9 /* VCWProject.app */;
			productType = "com.apple.product-type.application";
		};
		96A5BE151992699B00D40EE9 /* VCWProjectTests */ = {
			isa = PBXNativeTarget;
			buildConfigurationList = 96A5BE2A1992699B00D40EE9 /* Build configuration list for PBXNativeTarget "VCWProjectTests" */;
			buildPhases = (
				96A5BE121992699B00D40EE9 /* Sources */,
				96A5BE131992699B00D40EE9 /* Frameworks */,
				96A5BE141992699B00D40EE9 /* Resources */,
			);
			buildRules = (
			);
			dependencies = (
				96A5BE1C1992699B00D40EE9 /* PBXTargetDependency */,
			);
			name = VCWProjectTests;
			productName = VCWProjectTests;
			productReference = 96A5BE161992699B00D40EE9 /* VCWProjectTests.xctest */;
			productType = "com.apple.product-type.bundle.unit-test";
		};
/* End PBXNativeTarget section */

/* Begin PBXProject section */
		96A5BDED1992699B00D40EE9 /* Project object */ = {
			isa = PBXProject;
			attributes = {
				CLASSPREFIX = VCW;
				LastUpgradeCheck = 0510;
				ORGANIZATIONNAME = com.gw.cn.MrsWang;
				TargetAttributes = {
					96A5BE151992699B00D40EE9 = {
						TestTargetID = 96A5BDF41992699B00D40EE9;
					};
				};
			};
			buildConfigurationList = 96A5BDF01992699B00D40EE9 /* Build configuration list for PBXProject "VCWProject" */;
			compatibilityVersion = "Xcode 3.2";
			developmentRegion = English;
			hasScannedForEncodings = 0;
			knownRegions = (
				en,
				Base,
			);
			mainGroup = 96A5BDEC1992699B00D40EE9;
			productRefGroup = 96A5BDF61992699B00D40EE9 /* Products */;
			projectDirPath = "";
			projectRoot = "";
			targets = (
				96A5BDF41992699B00D40EE9 /* VCWProject */,
				96A5BE151992699B00D40EE9 /* VCWProjectTests */,
			);
		};
/* End PBXProject section */

/* Begin PBXResourcesBuildPhase section */
		96A5BDF31992699B00D40EE9 /* Resources */ = {
			isa = PBXResourcesBuildPhase;
			buildActionMask = 2147483647;
			files = (
				96A5BE511992786D00D40EE9 /* arrow@2x.png in Resources */,
				96A5BE111992699B00D40EE9 /* Images.xcassets in Resources */,
				96A5BE031992699B00D40EE9 /* InfoPlist.strings in Resources */,
				96A5BE0C1992699B00D40EE9 /* Main.storyboard in Resources */,
			);
			runOnlyForDeploymentPostprocessing = 0;
		};
		96A5BE141992699B00D40EE9 /* Resources */ = {
			isa = PBXResourcesBuildPhase;
			buildActionMask = 2147483647;
			files = (
				96A5BE221992699B00D40EE9 /* InfoPlist.strings in Resources */,
			);
			runOnlyForDeploymentPostprocessing = 0;
		};
/* End PBXResourcesBuildPhase section */

/* Begin PBXSourcesBuildPhase section */
		96A5BDF11992699B00D40EE9 /* Sources */ = {
			isa = PBXSourcesBuildPhase;
			buildActionMask = 2147483647;
			files = (
				96A5BE051992699B00D40EE9 /* main.m in Sources */,
				96A5BE0F1992699B00D40EE9 /* VCWViewController.m in Sources */,
				96A5BE491992751900D40EE9 /* VCWRefreshFooterView.m in Sources */,
				96A5BE3A19926C4D00D40EE9 /* VCWTranslationViewController.m in Sources */,
				96A5BE091992699B00D40EE9 /* VCWAppDelegate.m in Sources */,
				96B064DE19A18F970001D144 /* VCWHitEventTransferViewController.m in Sources */,
				96A5BE481992751900D40EE9 /* VCWRefreshBaseView.m in Sources */,
				96A5BE3D19926FAE00D40EE9 /* VCWTranslateSuperViewController.m in Sources */,
				96A5BE4E1992756C00D40EE9 /* VCWRefreshViewController.m in Sources */,
				96A5BE3119926AC300D40EE9 /* Utils.m in Sources */,
				96A5BE4A1992751900D40EE9 /* VCWRefreshHeadView.m in Sources */,
			);
			runOnlyForDeploymentPostprocessing = 0;
		};
		96A5BE121992699B00D40EE9 /* Sources */ = {
			isa = PBXSourcesBuildPhase;
			buildActionMask = 2147483647;
			files = (
				96A5BE241992699B00D40EE9 /* VCWProjectTests.m in Sources */,
			);
			runOnlyForDeploymentPostprocessing = 0;
		};
/* End PBXSourcesBuildPhase section */

/* Begin PBXTargetDependency section */
		96A5BE1C1992699B00D40EE9 /* PBXTargetDependency */ = {
			isa = PBXTargetDependency;
			target = 96A5BDF41992699B00D40EE9 /* VCWProject */;
			targetProxy = 96A5BE1B1992699B00D40EE9 /* PBXContainerItemProxy */;
		};
/* End PBXTargetDependency section */

/* Begin PBXVariantGroup section */
		96A5BE011992699B00D40EE9 /* InfoPlist.strings */ = {
			isa = PBXVariantGroup;
			children = (
				96A5BE021992699B00D40EE9 /* en */,
			);
			name = InfoPlist.strings;
			sourceTree = "<group>";
		};
		96A5BE0A1992699B00D40EE9 /* Main.storyboard */ = {
			isa = PBXVariantGroup;
			children = (
				96A5BE0B1992699B00D40EE9 /* Base */,
			);
			name = Main.storyboard;
			sourceTree = "<group>";
		};
		96A5BE201992699B00D40EE9 /* InfoPlist.strings */ = {
			isa = PBXVariantGroup;
			children = (
				96A5BE211992699B00D40EE9 /* en */,
			);
			name = InfoPlist.strings;
			sourceTree = "<group>";
		};
/* End PBXVariantGroup section */

/* Begin XCBuildConfiguration section */
		96A5BE251992699B00D40EE9 /* Debug */ = {
			isa = XCBuildConfiguration;
			buildSettings = {
				ALWAYS_SEARCH_USER_PATHS = NO;
				CLANG_CXX_LANGUAGE_STANDARD = "gnu++0x";
				CLANG_CXX_LIBRARY = "libc++";
				CLANG_ENABLE_MODULES = YES;
				CLANG_ENABLE_OBJC_ARC = YES;
				CLANG_WARN_BOOL_CONVERSION = YES;
				CLANG_WARN_CONSTANT_CONVERSION = YES;
				CLANG_WARN_DIRECT_OBJC_ISA_USAGE = YES_ERROR;
				CLANG_WARN_EMPTY_BODY = YES;
				CLANG_WARN_ENUM_CONVERSION = YES;
				CLANG_WARN_INT_CONVERSION = YES;
				CLANG_WARN_OBJC_ROOT_CLASS = YES_ERROR;
				CLANG_WARN__DUPLICATE_METHOD_MATCH = YES;
				"CODE_SIGN_IDENTITY[sdk=iphoneos*]" = "iPhone Developer";
				COPY_PHASE_STRIP = NO;
				GCC_C_LANGUAGE_STANDARD = gnu99;
				GCC_DYNAMIC_NO_PIC = NO;
				GCC_OPTIMIZATION_LEVEL = 0;
				GCC_PREPROCESSOR_DEFINITIONS = (
					"DEBUG=1",
					"$(inherited)",
				);
				GCC_SYMBOLS_PRIVATE_EXTERN = NO;
				GCC_WARN_64_TO_32_BIT_CONVERSION = YES;
				GCC_WARN_ABOUT_RETURN_TYPE = YES_ERROR;
				GCC_WARN_UNDECLARED_SELECTOR = YES;
				GCC_WARN_UNINITIALIZED_AUTOS = YES_AGGRESSIVE;
				GCC_WARN_UNUSED_FUNCTION = YES;
				GCC_WARN_UNUSED_VARIABLE = YES;
				IPHONEOS_DEPLOYMENT_TARGET = 7.1;
				ONLY_ACTIVE_ARCH = YES;
				SDKROOT = iphoneos;
			};
			name = Debug;
		};
		96A5BE261992699B00D40EE9 /* Release */ = {
			isa = XCBuildConfiguration;
			buildSettings = {
				ALWAYS_SEARCH_USER_PATHS = NO;
				CLANG_CXX_LANGUAGE_STANDARD = "gnu++0x";
				CLANG_CXX_LIBRARY = "libc++";
				CLANG_ENABLE_MODULES = YES;
				CLANG_ENABLE_OBJC_ARC = YES;
				CLANG_WARN_BOOL_CONVERSION = YES;
				CLANG_WARN_CONSTANT_CONVERSION = YES;
				CLANG_WARN_DIRECT_OBJC_ISA_USAGE = YES_ERROR;
				CLANG_WARN_EMPTY_BODY = YES;
				CLANG_WARN_ENUM_CONVERSION = YES;
				CLANG_WARN_INT_CONVERSION = YES;
				CLANG_WARN_OBJC_ROOT_CLASS = YES_ERROR;
				CLANG_WARN__DUPLICATE_METHOD_MATCH = YES;
				"CODE_SIGN_IDENTITY[sdk=iphoneos*]" = "iPhone Developer";
				COPY_PHASE_STRIP = YES;
				ENABLE_NS_ASSERTIONS = NO;
				GCC_C_LANGUAGE_STANDARD = gnu99;
				GCC_WARN_64_TO_32_BIT_CONVERSION = YES;
				GCC_WARN_ABOUT_RETURN_TYPE = YES_ERROR;
				GCC_WARN_UNDECLARED_SELECTOR = YES;
				GCC_WARN_UNINITIALIZED_AUTOS = YES_AGGRESSIVE;
				GCC_WARN_UNUSED_FUNCTION = YES;
				GCC_WARN_UNUSED_VARIABLE = YES;
				IPHONEOS_DEPLOYMENT_TARGET = 7.1;
				SDKROOT = iphoneos;
				VALIDATE_PRODUCT = YES;
			};
			name = Release;
		};
		96A5BE281992699B00D40EE9 /* Debug */ = {
			isa = XCBuildConfiguration;
			buildSettings = {
				ASSETCATALOG_COMPILER_APPICON_NAME = AppIcon;
				ASSETCATALOG_COMPILER_LAUNCHIMAGE_NAME = LaunchImage;
				GCC_PRECOMPILE_PREFIX_HEADER = YES;
				GCC_PREFIX_HEADER = "VCWProject/VCWProject-Prefix.pch";
				INFOPLIST_FILE = "VCWProject/VCWProject-Info.plist";
				PRODUCT_NAME = "$(TARGET_NAME)";
				WRAPPER_EXTENSION = app;
			};
			name = Debug;
		};
		96A5BE291992699B00D40EE9 /* Release */ = {
			isa = XCBuildConfiguration;
			buildSettings = {
				ASSETCATALOG_COMPILER_APPICON_NAME = AppIcon;
				ASSETCATALOG_COMPILER_LAUNCHIMAGE_NAME = LaunchImage;
				GCC_PRECOMPILE_PREFIX_HEADER = YES;
				GCC_PREFIX_HEADER = "VCWProject/VCWProject-Prefix.pch";
				INFOPLIST_FILE = "VCWProject/VCWProject-Info.plist";
				PRODUCT_NAME = "$(TARGET_NAME)";
				WRAPPER_EXTENSION = app;
			};
			name = Release;
		};
		96A5BE2B1992699B00D40EE9 /* Debug */ = {
			isa = XCBuildConfiguration;
			buildSettings = {
				BUNDLE_LOADER = "$(BUILT_PRODUCTS_DIR)/VCWProject.app/VCWProject";
				FRAMEWORK_SEARCH_PATHS = (
					"$(SDKROOT)/Developer/Library/Frameworks",
					"$(inherited)",
					"$(DEVELOPER_FRAMEWORKS_DIR)",
				);
				GCC_PRECOMPILE_PREFIX_HEADER = YES;
				GCC_PREFIX_HEADER = "VCWProject/VCWProject-Prefix.pch";
				GCC_PREPROCESSOR_DEFINITIONS = (
					"DEBUG=1",
					"$(inherited)",
				);
				INFOPLIST_FILE = "VCWProjectTests/VCWProjectTests-Info.plist";
				PRODUCT_NAME = "$(TARGET_NAME)";
				TEST_HOST = "$(BUNDLE_LOADER)";
				WRAPPER_EXTENSION = xctest;
			};
			name = Debug;
		};
		96A5BE2C1992699B00D40EE9 /* Release */ = {
			isa = XCBuildConfiguration;
			buildSettings = {
				BUNDLE_LOADER = "$(BUILT_PRODUCTS_DIR)/VCWProject.app/VCWProject";
				FRAMEWORK_SEARCH_PATHS = (
					"$(SDKROOT)/Developer/Library/Frameworks",
					"$(inherited)",
					"$(DEVELOPER_FRAMEWORKS_DIR)",
				);
				GCC_PRECOMPILE_PREFIX_HEADER = YES;
				GCC_PREFIX_HEADER = "VCWProject/VCWProject-Prefix.pch";
				INFOPLIST_FILE = "VCWProjectTests/VCWProjectTests-Info.plist";
				PRODUCT_NAME = "$(TARGET_NAME)";
				TEST_HOST = "$(BUNDLE_LOADER)";
				WRAPPER_EXTENSION = xctest;
			};
			name = Release;
		};
/* End XCBuildConfiguration section */

/* Begin XCConfigurationList section */
		96A5BDF01992699B00D40EE9 /* Build configuration list for PBXProject "VCWProject" */ = {
			isa = XCConfigurationList;
			buildConfigurations = (
				96A5BE251992699B00D40EE9 /* Debug */,
				96A5BE261992699B00D40EE9 /* Release */,
			);
			defaultConfigurationIsVisible = 0;
			defaultConfigurationName = Release;
		};
		96A5BE271992699B00D40EE9 /* Build configuration list for PBXNativeTarget "VCWProject" */ = {
			isa = XCConfigurationList;
			buildConfigurations = (
				96A5BE281992699B00D40EE9 /* Debug */,
				96A5BE291992699B00D40EE9 /* Release */,
			);
			defaultConfigurationIsVisible = 0;
			defaultConfigurationName = Release;
		};
		96A5BE2A1992699B00D40EE9 /* Build configuration list for PBXNativeTarget "VCWProjectTests" */ = {
			isa = XCConfigurationList;
			buildConfigurations = (
				96A5BE2B1992699B00D40EE9 /* Debug */,
				96A5BE2C1992699B00D40EE9 /* Release */,
			);
			defaultConfigurationIsVisible = 0;
			defaultConfigurationName = Release;
		};
/* End XCConfigurationList section */
	};
	rootObject = 96A5BDED1992699B00D40EE9 /* Project object */;
}
